
Microsoft Visual Studio Solution File, Format Version 12.00
# Visual Studio 15
VisualStudioVersion = 15.0.26228.9
MinimumVisualStudioVersion = 10.0.40219.1
Project("{FAE04EC0-301F-11D3-BF4B-00C04F79EFBC}") = "StayBazar", "StayBazar\StayBazar.csproj", "{E79CB68A-3C16-47F6-BC87-A6DED373EC89}"
EndProject
Project("{FAE04EC0-301F-11D3-BF4B-00C04F79EFBC}") = "DataLayer", "DataLayer\DataLayer.csproj", "{330C82C7-9B3A-4753-9696-3B013340FCA6}"
EndProject
Project("{FAE04EC0-301F-11D3-BF4B-00C04F79EFBC}") = "BLayer", "BLayer\BLayer.csproj", "{00272D64-DA1A-4D57-B425-5B4B97CAA73F}"
EndProject
Project("{FAE04EC0-301F-11D3-BF4B-00C04F79EFBC}") = "CLayer", "CLayer\CLayer.csproj", "{6F716C33-13F3-4B49-94C7-0CF8B6A49FC2}"
EndProject
Project("{FAE04EC0-301F-11D3-BF4B-00C04F79EFBC}") = "StayBazar.Lib", "StayBazar.Lib\StayBazar.Lib.csproj", "{7BFAF944-940A-49C2-9EB1-D5CCA5D124EC}"
EndProject
Project("{FAE04EC0-301F-11D3-BF4B-00C04F79EFBC}") = "ExcelReport", "ExcelReport\ExcelReport.csproj", "{6AC65DA1-A22A-4AB5-B54A-19E98378DE3B}"
EndProject
Project("{FAE04EC0-301F-11D3-BF4B-00C04F79EFBC}") = "GDSProcess", "GDSProcess\GDSProcess.csproj", "{FC52EF1B-1235-4160-A7C4-416D3C8BA1F0}"
EndProject
Global
	GlobalSection(Performance) = preSolution
		HasPerformanceSessions = true
	EndGlobalSection
	GlobalSection(SolutionConfigurationPlatforms) = preSolution
		Debug|Any CPU = Debug|Any CPU
		Release|Any CPU = Release|Any CPU
	EndGlobalSection
	GlobalSection(ProjectConfigurationPlatforms) = postSolution
		{E79CB68A-3C16-47F6-BC87-A6DED373EC89}.Debug|Any CPU.ActiveCfg = Debug|Any CPU
		{E79CB68A-3C16-47F6-BC87-A6DED373EC89}.Debug|Any CPU.Build.0 = Debug|Any CPU
		{E79CB68A-3C16-47F6-BC87-A6DED373EC89}.Release|Any CPU.ActiveCfg = Release|Any CPU
		{E79CB68A-3C16-47F6-BC87-A6DED373EC89}.Release|Any CPU.Build.0 = Release|Any CPU
		{330C82C7-9B3A-4753-9696-3B013340FCA6}.Debug|Any CPU.ActiveCfg = Debug|Any CPU
		{330C82C7-9B3A-4753-9696-3B013340FCA6}.Debug|Any CPU.Build.0 = Debug|Any CPU
		{330C82C7-9B3A-4753-9696-3B013340FCA6}.Release|Any CPU.ActiveCfg = Release|Any CPU
		{330C82C7-9B3A-4753-9696-3B013340FCA6}.Release|Any CPU.Build.0 = Release|Any CPU
		{00272D64-DA1A-4D57-B425-5B4B97CAA73F}.Debug|Any CPU.ActiveCfg = Debug|Any CPU
		{00272D64-DA1A-4D57-B425-5B4B97CAA73F}.Debug|Any CPU.Build.0 = Debug|Any CPU
		{00272D64-DA1A-4D57-B425-5B4B97CAA73F}.Release|Any CPU.ActiveCfg = Release|Any CPU
		{00272D64-DA1A-4D57-B425-5B4B97CAA73F}.Release|Any CPU.Build.0 = Release|Any CPU
		{6F716C33-13F3-4B49-94C7-0CF8B6A49FC2}.Debug|Any CPU.ActiveCfg = Debug|Any CPU
		{6F716C33-13F3-4B49-94C7-0CF8B6A49FC2}.Debug|Any CPU.Build.0 = Debug|Any CPU
		{6F716C33-13F3-4B49-94C7-0CF8B6A49FC2}.Release|Any CPU.ActiveCfg = Release|Any CPU
		{6F716C33-13F3-4B49-94C7-0CF8B6A49FC2}.Release|Any CPU.Build.0 = Release|Any CPU
		{7BFAF944-940A-49C2-9EB1-D5CCA5D124EC}.Debug|Any CPU.ActiveCfg = Debug|Any CPU
		{7BFAF944-940A-49C2-9EB1-D5CCA5D124EC}.Debug|Any CPU.Build.0 = Debug|Any CPU
		{7BFAF944-940A-49C2-9EB1-D5CCA5D124EC}.Release|Any CPU.ActiveCfg = Release|Any CPU
		{7BFAF944-940A-49C2-9EB1-D5CCA5D124EC}.Release|Any CPU.Build.0 = Release|Any CPU
		{6AC65DA1-A22A-4AB5-B54A-19E98378DE3B}.Debug|Any CPU.ActiveCfg = Debug|Any CPU
		{6AC65DA1-A22A-4AB5-B54A-19E98378DE3B}.Debug|Any CPU.Build.0 = Debug|Any CPU
		{6AC65DA1-A22A-4AB5-B54A-19E98378DE3B}.Release|Any CPU.ActiveCfg = Release|Any CPU
		{6AC65DA1-A22A-4AB5-B54A-19E98378DE3B}.Release|Any CPU.Build.0 = Release|Any CPU
		{FC52EF1B-1235-4160-A7C4-416D3C8BA1F0}.Debug|Any CPU.ActiveCfg = Debug|Any CPU
		{FC52EF1B-1235-4160-A7C4-416D3C8BA1F0}.Debug|Any CPU.Build.0 = Debug|Any CPU
		{FC52EF1B-1235-4160-A7C4-416D3C8BA1F0}.Release|Any CPU.ActiveCfg = Release|Any CPU
		{FC52EF1B-1235-4160-A7C4-416D3C8BA1F0}.Release|Any CPU.Build.0 = Release|Any CPU
	EndGlobalSection
	GlobalSection(SolutionProperties) = preSolution
		HideSolutionNode = FALSE
	EndGlobalSection
	GlobalSection(ExtensibilityGlobals) = postSolution
		SolutionGuid = {9951D7FE-32E6-4399-B9F9-C95007D649A9}
	EndGlobalSection
EndGlobal
